{
  "version": 4,
  "terraform_version": "1.9.8",
  "serial": 14,
  "lineage": "a7092bda-5352-456b-e8ca-bd21045ee712",
  "outputs": {},
  "resources": [
    {
      "mode": "managed",
      "type": "spot_spotnodepool",
      "name": "postgres",
      "provider": "provider[\"registry.terraform.io/rackerlabs/spot\"]",
      "instances": [
        {
          "schema_version": 0,
          "attributes": {
            "annotations": null,
            "autoscaling": null,
            "bid_price": 0.02,
            "bid_status": "Fulfilled",
            "cloudspace_name": "ord-devimprint",
            "desired_server_count": 1,
            "id": "10d0b3fa-759f-4d41-b029-5c07eb313ed9",
            "labels": null,
            "last_updated": null,
            "name": "10d0b3fa-759f-4d41-b029-5c07eb313ed9",
            "server_class": "mh.vs1.large-ord",
            "taints": null,
            "won_count": 1
          },
          "sensitive_attributes": [],
          "private": "eyJyZXNvdXJjZV92ZXJzaW9uIjoiTnpNM09EWTFPVFU9In0="
        }
      ]
    },
    {
      "mode": "managed",
      "type": "spot_spotnodepool",
      "name": "workers",
      "provider": "provider[\"registry.terraform.io/rackerlabs/spot\"]",
      "instances": [
        {
          "schema_version": 0,
          "attributes": {
            "annotations": null,
            "autoscaling": null,
            "bid_price": 0.02,
            "bid_status": "Pending",
            "cloudspace_name": "ord-devimprint",
            "desired_server_count": 6,
            "id": "b9c00cec-fed3-4c0b-af2f-674d4e395f4b",
            "labels": null,
            "last_updated": null,
            "name": "b9c00cec-fed3-4c0b-af2f-674d4e395f4b",
            "server_class": "ch.vs1.medium-ord",
            "taints": null,
            "won_count": 6
          },
          "sensitive_attributes": [],
          "private": "eyJyZXNvdXJjZV92ZXJzaW9uIjoiTnpNM09EVXpPVE09In0="
        }
      ]
    }
  ],
  "check_results": null
}
